// !$*UTF8*$!
{
	archiveVersion = 1;
	classes = {
	};
	objectVersion = 46;
	objects = {

/* Begin PBXBuildFile section */
		2F418E271CCCA898004713F2 /* main.m in Sources */ = {isa = PBXBuildFile; fileRef = 2F418E261CCCA898004713F2 /* main.m */; };
		2F418E2A1CCCA898004713F2 /* AppDelegate.m in Sources */ = {isa = PBXBuildFile; fileRef = 2F418E291CCCA898004713F2 /* AppDelegate.m */; };
		2F418E2D1CCCA898004713F2 /* ViewController.m in Sources */ = {isa = PBXBuildFile; fileRef = 2F418E2C1CCCA898004713F2 /* ViewController.m */; };
		2F418E301CCCA898004713F2 /* Main.storyboard in Resources */ = {isa = PBXBuildFile; fileRef = 2F418E2E1CCCA898004713F2 /* Main.storyboard */; };
		2F418E331CCCA898004713F2 /* donggeIcloudDemo.xcdatamodeld in Sources */ = {isa = PBXBuildFile; fileRef = 2F418E311CCCA898004713F2 /* donggeIcloudDemo.xcdatamodeld */; };
		2F418E351CCCA898004713F2 /* Assets.xcassets in Resources */ = {isa = PBXBuildFile; fileRef = 2F418E341CCCA898004713F2 /* Assets.xcassets */; };
		2F418E381CCCA898004713F2 /* LaunchScreen.storyboard in Resources */ = {isa = PBXBuildFile; fileRef = 2F418E361CCCA898004713F2 /* LaunchScreen.storyboard */; };
		2F418E431CCCA898004713F2 /* donggeIcloudDemoTests.m in Sources */ = {isa = PBXBuildFile; fileRef = 2F418E421CCCA898004713F2 /* donggeIcloudDemoTests.m */; };
		2F418E4E1CCCA899004713F2 /* donggeIcloudDemoUITests.m in Sources */ = {isa = PBXBuildFile; fileRef = 2F418E4D1CCCA899004713F2 /* donggeIcloudDemoUITests.m */; };
/* End PBXBuildFile section */

/* Begin PBXContainerItemProxy section */
		2F418E3F1CCCA898004713F2 /* PBXContainerItemProxy */ = {
			isa = PBXContainerItemProxy;
			containerPortal = 2F418E1A1CCCA898004713F2 /* Project object */;
			proxyType = 1;
			remoteGlobalIDString = 2F418E211CCCA898004713F2;
			remoteInfo = donggeIcloudDemo;
		};
		2F418E4A1CCCA899004713F2 /* PBXContainerItemProxy */ = {
			isa = PBXContainerItemProxy;
			containerPortal = 2F418E1A1CCCA898004713F2 /* Project object */;
			proxyType = 1;
			remoteGlobalIDString = 2F418E211CCCA898004713F2;
			remoteInfo = donggeIcloudDemo;
		};
/* End PBXContainerItemProxy section */

/* Begin PBXFileReference section */
		2F418E221CCCA898004713F2 /* donggeIcloudDemo.app */ = {isa = PBXFileReference; explicitFileType = wrapper.application; includeInIndex = 0; path = donggeIcloudDemo.app; sourceTree = BUILT_PRODUCTS_DIR; };
		2F418E261CCCA898004713F2 /* main.m */ = {isa = PBXFileReference; lastKnownFileType = sourcecode.c.objc; path = main.m; sourceTree = "<group>"; };
		2F418E281CCCA898004713F2 /* AppDelegate.h */ = {isa = PBXFileReference; lastKnownFileType = sourcecode.c.h; path = AppDelegate.h; sourceTree = "<group>"; };
		2F418E291CCCA898004713F2 /* AppDelegate.m */ = {isa = PBXFileReference; lastKnownFileType = sourcecode.c.objc; path = AppDelegate.m; sourceTree = "<group>"; };
		2F418E2B1CCCA898004713F2 /* ViewController.h */ = {isa = PBXFileReference; lastKnownFileType = sourcecode.c.h; path = ViewController.h; sourceTree = "<group>"; };
		2F418E2C1CCCA898004713F2 /* ViewController.m */ = {isa = PBXFileReference; lastKnownFileType = sourcecode.c.objc; path = ViewController.m; sourceTree = "<group>"; };
		2F418E2F1CCCA898004713F2 /* Base */ = {isa = PBXFileReference; lastKnownFileType = file.storyboard; name = Base; path = Base.lproj/Main.storyboard; sourceTree = "<group>"; };
		2F418E321CCCA898004713F2 /* donggeIcloudDemo.xcdatamodel */ = {isa = PBXFileReference; lastKnownFileType = wrapper.xcdatamodel; path = donggeIcloudDemo.xcdatamodel; sourceTree = "<group>"; };
		2F418E341CCCA898004713F2 /* Assets.xcassets */ = {isa = PBXFileReference; lastKnownFileType = folder.assetcatalog; path = Assets.xcassets; sourceTree = "<group>"; };
		2F418E371CCCA898004713F2 /* Base */ = {isa = PBXFileReference; lastKnownFileType = file.storyboard; name = Base; path = Base.lproj/LaunchScreen.storyboard; sourceTree = "<group>"; };
		2F418E391CCCA898004713F2 /* Info.plist */ = {isa = PBXFileReference; lastKnownFileType = text.plist.xml; path = Info.plist; sourceTree = "<group>"; };
		2F418E3E1CCCA898004713F2 /* donggeIcloudDemoTests.xctest */ = {isa = PBXFileReference; explicitFileType = wrapper.cfbundle; includeInIndex = 0; path = donggeIcloudDemoTests.xctest; sourceTree = BUILT_PRODUCTS_DIR; };
		2F418E421CCCA898004713F2 /* donggeIcloudDemoTests.m */ = {isa = PBXFileReference; lastKnownFileType = sourcecode.c.objc; path = donggeIcloudDemoTests.m; sourceTree = "<group>"; };
		2F418E441CCCA898004713F2 /* Info.plist */ = {isa = PBXFileReference; lastKnownFileType = text.plist.xml; path = Info.plist; sourceTree = "<group>"; };
		2F418E491CCCA899004713F2 /* donggeIcloudDemoUITests.xctest */ = {isa = PBXFileReference; explicitFileType = wrapper.cfbundle; includeInIndex = 0; path = donggeIcloudDemoUITests.xctest; sourceTree = BUILT_PRODUCTS_DIR; };
		2F418E4D1CCCA899004713F2 /* donggeIcloudDemoUITests.m */ = {isa = PBXFileReference; lastKnownFileType = sourcecode.c.objc; path = donggeIcloudDemoUITests.m; sourceTree = "<group>"; };
		2F418E4F1CCCA899004713F2 /* Info.plist */ = {isa = PBXFileReference; lastKnownFileType = text.plist.xml; path = Info.plist; sourceTree = "<group>"; };
/* End PBXFileReference section */

/* Begin PBXFrameworksBuildPhase section */
		2F418E1F1CCCA898004713F2 /* Frameworks */ = {
			isa = PBXFrameworksBuildPhase;
			buildActionMask = 2147483647;
			files = (
			);
			runOnlyForDeploymentPostprocessing = 0;
		};
		2F418E3B1CCCA898004713F2 /* Frameworks */ = {
			isa = PBXFrameworksBuildPhase;
			buildActionMask = 2147483647;
			files = (
			);
			runOnlyForDeploymentPostprocessing = 0;
		};
		2F418E461CCCA899004713F2 /* Frameworks */ = {
			isa = PBXFrameworksBuildPhase;
			buildActionMask = 2147483647;
			files = (
			);
			runOnlyForDeploymentPostprocessing = 0;
		};
/* End PBXFrameworksBuildPhase section */

/* Begin PBXGroup section */
		2F418E191CCCA898004713F2 = {
			isa = PBXGroup;
			children = (
				2F418E241CCCA898004713F2 /* donggeIcloudDemo */,
				2F418E411CCCA898004713F2 /* donggeIcloudDemoTests */,
				2F418E4C1CCCA899004713F2 /* donggeIcloudDemoUITests */,
				2F418E231CCCA898004713F2 /* Products */,
			);
			sourceTree = "<group>";
		};
		2F418E231CCCA898004713F2 /* Products */ = {
			isa = PBXGroup;
			children = (
				2F418E221CCCA898004713F2 /* donggeIcloudDemo.app */,
				2F418E3E1CCCA898004713F2 /* donggeIcloudDemoTests.xctest */,
				2F418E491CCCA899004713F2 /* donggeIcloudDemoUITests.xctest */,
			);
			name = Products;
			sourceTree = "<group>";
		};
		2F418E241CCCA898004713F2 /* donggeIcloudDemo */ = {
			isa = PBXGroup;
			children = (
				2F418E281CCCA898004713F2 /* AppDelegate.h */,
				2F418E291CCCA898004713F2 /* AppDelegate.m */,
				2F418E2B1CCCA898004713F2 /* ViewController.h */,
				2F418E2C1CCCA898004713F2 /* ViewController.m */,
				2F418E2E1CCCA898004713F2 /* Main.storyboard */,
				2F418E341CCCA898004713F2 /* Assets.xcassets */,
				2F418E361CCCA898004713F2 /* LaunchScreen.storyboard */,
				2F418E391CCCA898004713F2 /* Info.plist */,
				2F418E311CCCA898004713F2 /* donggeIcloudDemo.xcdatamodeld */,
				2F418E251CCCA898004713F2 /* Supporting Files */,
			);
			path = donggeIcloudDemo;
			sourceTree = "<group>";
		};
		2F418E251CCCA898004713F2 /* Supporting Files */ = {
			isa = PBXGroup;
			children = (
				2F418E261CCCA898004713F2 /* main.m */,
			);
			name = "Supporting Files";
			sourceTree = "<group>";
		};
		2F418E411CCCA898004713F2 /* donggeIcloudDemoTests */ = {
			isa = PBXGroup;
			children = (
				2F418E421CCCA898004713F2 /* donggeIcloudDemoTests.m */,
				2F418E441CCCA898004713F2 /* Info.plist */,
			);
			path = donggeIcloudDemoTests;
			sourceTree = "<group>";
		};
		2F418E4C1CCCA899004713F2 /* donggeIcloudDemoUITests */ = {
			isa = PBXGroup;
			children = (
				2F418E4D1CCCA899004713F2 /* donggeIcloudDemoUITests.m */,
				2F418E4F1CCCA899004713F2 /* Info.plist */,
			);
			path = donggeIcloudDemoUITests;
			sourceTree = "<group>";
		};
/* End PBXGroup section */

/* Begin PBXNativeTarget section */
		2F418E211CCCA898004713F2 /* donggeIcloudDemo */ = {
			isa = PBXNativeTarget;
			buildConfigurationList = 2F418E521CCCA899004713F2 /* Build configuration list for PBXNativeTarget "donggeIcloudDemo" */;
			buildPhases = (
				2F418E1E1CCCA898004713F2 /* Sources */,
				2F418E1F1CCCA898004713F2 /* Frameworks */,
				2F418E201CCCA898004713F2 /* Resources */,
			);
			buildRules = (
			);
			dependencies = (
			);
			name = donggeIcloudDemo;
			productName = donggeIcloudDemo;
			productReference = 2F418E221CCCA898004713F2 /* donggeIcloudDemo.app */;
			productType = "com.apple.product-type.application";
		};
		2F418E3D1CCCA898004713F2 /* donggeIcloudDemoTests */ = {
			isa = PBXNativeTarget;
			buildConfigurationList = 2F418E551CCCA899004713F2 /* Build configuration list for PBXNativeTarget "donggeIcloudDemoTests" */;
			buildPhases = (
				2F418E3A1CCCA898004713F2 /* Sources */,
				2F418E3B1CCCA898004713F2 /* Frameworks */,
				2F418E3C1CCCA898004713F2 /* Resources */,
			);
			buildRules = (
			);
			dependencies = (
				2F418E401CCCA898004713F2 /* PBXTargetDependency */,
			);
			name = donggeIcloudDemoTests;
			productName = donggeIcloudDemoTests;
			productReference = 2F418E3E1CCCA898004713F2 /* donggeIcloudDemoTests.xctest */;
			productType = "com.apple.product-type.bundle.unit-test";
		};
		2F418E481CCCA899004713F2 /* donggeIcloudDemoUITests */ = {
			isa = PBXNativeTarget;
			buildConfigurationList = 2F418E581CCCA899004713F2 /* Build configuration list for PBXNativeTarget "donggeIcloudDemoUITests" */;
			buildPhases = (
				2F418E451CCCA899004713F2 /* Sources */,
				2F418E461CCCA899004713F2 /* Frameworks */,
				2F418E471CCCA899004713F2 /* Resources */,
			);
			buildRules = (
			);
			dependencies = (
				2F418E4B1CCCA899004713F2 /* PBXTargetDependency */,
			);
			name = donggeIcloudDemoUITests;
			productName = donggeIcloudDemoUITests;
			productReference = 2F418E491CCCA899004713F2 /* donggeIcloudDemoUITests.xctest */;
			productType = "com.apple.product-type.bundle.ui-testing";
		};
/* End PBXNativeTarget section */

/* Begin PBXProject section */
		2F418E1A1CCCA898004713F2 /* Project object */ = {
			isa = PBXProject;
			attributes = {
				LastUpgradeCheck = 0720;
				ORGANIZATIONNAME = harryfeng;
				TargetAttributes = {
					2F418E211CCCA898004713F2 = {
						CreatedOnToolsVersion = 7.2.1;
					};
					2F418E3D1CCCA898004713F2 = {
						CreatedOnToolsVersion = 7.2.1;
						TestTargetID = 2F418E211CCCA898004713F2;
					};
					2F418E481CCCA899004713F2 = {
						CreatedOnToolsVersion = 7.2.1;
						TestTargetID = 2F418E211CCCA898004713F2;
					};
				};
			};
			buildConfigurationList = 2F418E1D1CCCA898004713F2 /* Build configuration list for PBXProject "donggeIcloudDemo" */;
			compatibilityVersion = "Xcode 3.2";
			developmentRegion = English;
			hasScannedForEncodings = 0;
			knownRegions = (
				en,
				Base,
			);
			mainGroup = 2F418E191CCCA898004713F2;
			productRefGroup = 2F418E231CCCA898004713F2 /* Products */;
			projectDirPath = "";
			projectRoot = "";
			targets = (
				2F418E211CCCA898004713F2 /* donggeIcloudDemo */,
				2F418E3D1CCCA898004713F2 /* donggeIcloudDemoTests */,
				2F418E481CCCA899004713F2 /* donggeIcloudDemoUITests */,
			);
		};
/* End PBXProject section */

/* Begin PBXResourcesBuildPhase section */
		2F418E201CCCA898004713F2 /* Resources */ = {
			isa = PBXResourcesBuildPhase;
			buildActionMask = 2147483647;
			files = (
				2F418E381CCCA898004713F2 /* LaunchScreen.storyboard in Resources */,
				2F418E351CCCA898004713F2 /* Assets.xcassets in Resources */,
				2F418E301CCCA898004713F2 /* Main.storyboard in Resources */,
			);
			runOnlyForDeploymentPostprocessing = 0;
		};
		2F418E3C1CCCA898004713F2 /* Resources */ = {
			isa = PBXResourcesBuildPhase;
			buildActionMask = 2147483647;
			files = (
			);
			runOnlyForDeploymentPostprocessing = 0;
		};
		2F418E471CCCA899004713F2 /* Resources */ = {
			isa = PBXResourcesBuildPhase;
			buildActionMask = 2147483647;
			files = (
			);
			runOnlyForDeploymentPostprocessing = 0;
		};
/* End PBXResourcesBuildPhase section */

/* Begin PBXSourcesBuildPhase section */
		2F418E1E1CCCA898004713F2 /* Sources */ = {
			isa = PBXSourcesBuildPhase;
			buildActionMask = 2147483647;
			files = (
				2F418E2D1CCCA898004713F2 /* ViewController.m in Sources */,
				2F418E2A1CCCA898004713F2 /* AppDelegate.m in Sources */,
				2F418E331CCCA898004713F2 /* donggeIcloudDemo.xcdatamodeld in Sources */,
				2F418E271CCCA898004713F2 /* main.m in Sources */,
			);
			runOnlyForDeploymentPostprocessing = 0;
		};
		2F418E3A1CCCA898004713F2 /* Sources */ = {
			isa = PBXSourcesBuildPhase;
			buildActionMask = 2147483647;
			files = (
				2F418E431CCCA898004713F2 /* donggeIcloudDemoTests.m in Sources */,
			);
			runOnlyForDeploymentPostprocessing = 0;
		};
		2F418E451CCCA899004713F2 /* Sources */ = {
			isa = PBXSourcesBuildPhase;
			buildActionMask = 2147483647;
			files = (
				2F418E4E1CCCA899004713F2 /* donggeIcloudDemoUITests.m in Sources */,
			);
			runOnlyForDeploymentPostprocessing = 0;
		};
/* End PBXSourcesBuildPhase section */

/* Begin PBXTargetDependency section */
		2F418E401CCCA898004713F2 /* PBXTargetDependency */ = {
			isa = PBXTargetDependency;
			target = 2F418E211CCCA898004713F2 /* donggeIcloudDemo */;
			targetProxy = 2F418E3F1CCCA898004713F2 /* PBXContainerItemProxy */;
		};
		2F418E4B1CCCA899004713F2 /* PBXTargetDependency */ = {
			isa = PBXTargetDependency;
			target = 2F418E211CCCA898004713F2 /* donggeIcloudDemo */;
			targetProxy = 2F418E4A1CCCA899004713F2 /* PBXContainerItemProxy */;
		};
/* End PBXTargetDependency section */

/* Begin PBXVariantGroup section */
		2F418E2E1CCCA898004713F2 /* Main.storyboard */ = {
			isa = PBXVariantGroup;
			children = (
				2F418E2F1CCCA898004713F2 /* Base */,
			);
			name = Main.storyboard;
			sourceTree = "<group>";
		};
		2F418E361CCCA898004713F2 /* LaunchScreen.storyboard */ = {
			isa = PBXVariantGroup;
			children = (
				2F418E371CCCA898004713F2 /* Base */,
			);
			name = LaunchScreen.storyboard;
			sourceTree = "<group>";
		};
/* End PBXVariantGroup section */

/* Begin XCBuildConfiguration section */
		2F418E501CCCA899004713F2 /* Debug */ = {
			isa = XCBuildConfiguration;
			buildSettings = {
				ALWAYS_SEARCH_USER_PATHS = NO;
				CLANG_CXX_LANGUAGE_STANDARD = "gnu++0x";
				CLANG_CXX_LIBRARY = "libc++";
				CLANG_ENABLE_MODULES = YES;
				CLANG_ENABLE_OBJC_ARC = YES;
				CLANG_WARN_BOOL_CONVERSION = YES;
				CLANG_WARN_CONSTANT_CONVERSION = YES;
				CLANG_WARN_DIRECT_OBJC_ISA_USAGE = YES_ERROR;
				CLANG_WARN_EMPTY_BODY = YES;
				CLANG_WARN_ENUM_CONVERSION = YES;
				CLANG_WARN_INT_CONVERSION = YES;
				CLANG_WARN_OBJC_ROOT_CLASS = YES_ERROR;
				CLANG_WARN_UNREACHABLE_CODE = YES;
				CLANG_WARN__DUPLICATE_METHOD_MATCH = YES;
				"CODE_SIGN_IDENTITY[sdk=iphoneos*]" = "iPhone Developer";
				COPY_PHASE_STRIP = NO;
				DEBUG_INFORMATION_FORMAT = dwarf;
				ENABLE_STRICT_OBJC_MSGSEND = YES;
				ENABLE_TESTABILITY = YES;
				GCC_C_LANGUAGE_STANDARD = gnu99;
				GCC_DYNAMIC_NO_PIC = NO;
				GCC_NO_COMMON_BLOCKS = YES;
				GCC_OPTIMIZATION_LEVEL = 0;
				GCC_PREPROCESSOR_DEFINITIONS = (
					"DEBUG=1",
					"$(inherited)",
				);
				GCC_WARN_64_TO_32_BIT_CONVERSION = YES;
				GCC_WARN_ABOUT_RETURN_TYPE = YES_ERROR;
				GCC_WARN_UNDECLARED_SELECTOR = YES;
				GCC_WARN_UNINITIALIZED_AUTOS = YES_AGGRESSIVE;
				GCC_WARN_UNUSED_FUNCTION = YES;
				GCC_WARN_UNUSED_VARIABLE = YES;
				IPHONEOS_DEPLOYMENT_TARGET = 9.2;
				MTL_ENABLE_DEBUG_INFO = YES;
				ONLY_ACTIVE_ARCH = YES;
				SDKROOT = iphoneos;
			};
			name = Debug;
		};
		2F418E511CCCA899004713F2 /* Release */ = {
			isa = XCBuildConfiguration;
			buildSettings = {
				ALWAYS_SEARCH_USER_PATHS = NO;
				CLANG_CXX_LANGUAGE_STANDARD = "gnu++0x";
				CLANG_CXX_LIBRARY = "libc++";
				CLANG_ENABLE_MODULES = YES;
				CLANG_ENABLE_OBJC_ARC = YES;
				CLANG_WARN_BOOL_CONVERSION = YES;
				CLANG_WARN_CONSTANT_CONVERSION = YES;
				CLANG_WARN_DIRECT_OBJC_ISA_USAGE = YES_ERROR;
				CLANG_WARN_EMPTY_BODY = YES;
				CLANG_WARN_ENUM_CONVERSION = YES;
				CLANG_WARN_INT_CONVERSION = YES;
				CLANG_WARN_OBJC_ROOT_CLASS = YES_ERROR;
				CLANG_WARN_UNREACHABLE_CODE = YES;
				CLANG_WARN__DUPLICATE_METHOD_MATCH = YES;
				"CODE_SIGN_IDENTITY[sdk=iphoneos*]" = "iPhone Developer";
				COPY_PHASE_STRIP = NO;
				DEBUG_INFORMATION_FORMAT = "dwarf-with-dsym";
				ENABLE_NS_ASSERTIONS = NO;
				ENABLE_STRICT_OBJC_MSGSEND = YES;
				GCC_C_LANGUAGE_STANDARD = gnu99;
				GCC_NO_COMMON_BLOCKS = YES;
				GCC_WARN_64_TO_32_BIT_CONVERSION = YES;
				GCC_WARN_ABOUT_RETURN_TYPE = YES_ERROR;
				GCC_WARN_UNDECLARED_SELECTOR = YES;
				GCC_WARN_UNINITIALIZED_AUTOS = YES_AGGRESSIVE;
				GCC_WARN_UNUSED_FUNCTION = YES;
				GCC_WARN_UNUSED_VARIABLE = YES;
				IPHONEOS_DEPLOYMENT_TARGET = 9.2;
				MTL_ENABLE_DEBUG_INFO = NO;
				SDKROOT = iphoneos;
				VALIDATE_PRODUCT = YES;
			};
			name = Release;
		};
		2F418E531CCCA899004713F2 /* Debug */ = {
			isa = XCBuildConfiguration;
			buildSettings = {
				ASSETCATALOG_COMPILER_APPICON_NAME = AppIcon;
				INFOPLIST_FILE = donggeIcloudDemo/Info.plist;
				LD_RUNPATH_SEARCH_PATHS = "$(inherited) @executable_path/Frameworks";
				PRODUCT_BUNDLE_IDENTIFIER = com.donggeIcloudDemo.donggeIcloudDemo;
				PRODUCT_NAME = "$(TARGET_NAME)";
			};
			name = Debug;
		};
		2F418E541CCCA899004713F2 /* Release */ = {
			isa = XCBuildConfiguration;
			buildSettings = {
				ASSETCATALOG_COMPILER_APPICON_NAME = AppIcon;
				INFOPLIST_FILE = donggeIcloudDemo/Info.plist;
				LD_RUNPATH_SEARCH_PATHS = "$(inherited) @executable_path/Frameworks";
				PRODUCT_BUNDLE_IDENTIFIER = com.donggeIcloudDemo.donggeIcloudDemo;
				PRODUCT_NAME = "$(TARGET_NAME)";
			};
			name = Release;
		};
		2F418E561CCCA899004713F2 /* Debug */ = {
			isa = XCBuildConfiguration;
			buildSettings = {
				BUNDLE_LOADER = "$(TEST_HOST)";
				INFOPLIST_FILE = donggeIcloudDemoTests/Info.plist;
				LD_RUNPATH_SEARCH_PATHS = "$(inherited) @executable_path/Frameworks @loader_path/Frameworks";
				PRODUCT_BUNDLE_IDENTIFIER = com.donggeIcloudDemo.donggeIcloudDemoTests;
				PRODUCT_NAME = "$(TARGET_NAME)";
				TEST_HOST = "$(BUILT_PRODUCTS_DIR)/donggeIcloudDemo.app/donggeIcloudDemo";
			};
			name = Debug;
		};
		2F418E571CCCA899004713F2 /* Release */ = {
			isa = XCBuildConfiguration;
			buildSettings = {
				BUNDLE_LOADER = "$(TEST_HOST)";
				INFOPLIST_FILE = donggeIcloudDemoTests/Info.plist;
				LD_RUNPATH_SEARCH_PATHS = "$(inherited) @executable_path/Frameworks @loader_path/Frameworks";
				PRODUCT_BUNDLE_IDENTIFIER = com.donggeIcloudDemo.donggeIcloudDemoTests;
				PRODUCT_NAME = "$(TARGET_NAME)";
				TEST_HOST = "$(BUILT_PRODUCTS_DIR)/donggeIcloudDemo.app/donggeIcloudDemo";
			};
			name = Release;
		};
		2F418E591CCCA899004713F2 /* Debug */ = {
			isa = XCBuildConfiguration;
			buildSettings = {
				INFOPLIST_FILE = donggeIcloudDemoUITests/Info.plist;
				LD_RUNPATH_SEARCH_PATHS = "$(inherited) @executable_path/Frameworks @loader_path/Frameworks";
				PRODUCT_BUNDLE_IDENTIFIER = com.donggeIcloudDemo.donggeIcloudDemoUITests;
				PRODUCT_NAME = "$(TARGET_NAME)";
				TEST_TARGET_NAME = donggeIcloudDemo;
				USES_XCTRUNNER = YES;
			};
			name = Debug;
		};
		2F418E5A1CCCA899004713F2 /* Release */ = {
			isa = XCBuildConfiguration;
			buildSettings = {
				INFOPLIST_FILE = donggeIcloudDemoUITests/Info.plist;
				LD_RUNPATH_SEARCH_PATHS = "$(inherited) @executable_path/Frameworks @loader_path/Frameworks";
				PRODUCT_BUNDLE_IDENTIFIER = com.donggeIcloudDemo.donggeIcloudDemoUITests;
				PRODUCT_NAME = "$(TARGET_NAME)";
				TEST_TARGET_NAME = donggeIcloudDemo;
				USES_XCTRUNNER = YES;
			};
			name = Release;
		};
/* End XCBuildConfiguration section */

/* Begin XCConfigurationList section */
		2F418E1D1CCCA898004713F2 /* Build configuration list for PBXProject "donggeIcloudDemo" */ = {
			isa = XCConfigurationList;
			buildConfigurations = (
				2F418E501CCCA899004713F2 /* Debug */,
				2F418E511CCCA899004713F2 /* Release */,
			);
			defaultConfigurationIsVisible = 0;
			defaultConfigurationName = Release;
		};
		2F418E521CCCA899004713F2 /* Build configuration list for PBXNativeTarget "donggeIcloudDemo" */ = {
			isa = XCConfigurationList;
			buildConfigurations = (
				2F418E531CCCA899004713F2 /* Debug */,
				2F418E541CCCA899004713F2 /* Release */,
			);
			defaultConfigurationIsVisible = 0;
		};
		2F418E551CCCA899004713F2 /* Build configuration list for PBXNativeTarget "donggeIcloudDemoTests" */ = {
			isa = XCConfigurationList;
			buildConfigurations = (
				2F418E561CCCA899004713F2 /* Debug */,
				2F418E571CCCA899004713F2 /* Release */,
			);
			defaultConfigurationIsVisible = 0;
		};
		2F418E581CCCA899004713F2 /* Build configuration list for PBXNativeTarget "donggeIcloudDemoUITests" */ = {
			isa = XCConfigurationList;
			buildConfigurations = (
				2F418E591CCCA899004713F2 /* Debug */,
				2F418E5A1CCCA899004713F2 /* Release */,
			);
			defaultConfigurationIsVisible = 0;
		};
/* End XCConfigurationList section */

/* Begin XCVersionGroup section */
		2F418E311CCCA898004713F2 /* donggeIcloudDemo.xcdatamodeld */ = {
			isa = XCVersionGroup;
			children = (
				2F418E321CCCA898004713F2 /* donggeIcloudDemo.xcdatamodel */,
			);
			currentVersion = 2F418E321CCCA898004713F2 /* donggeIcloudDemo.xcdatamodel */;
			path = donggeIcloudDemo.xcdatamodeld;
			sourceTree = "<group>";
			versionGroupType = wrapper.xcdatamodel;
		};
/* End XCVersionGroup section */
	};
	rootObject = 2F418E1A1CCCA898004713F2 /* Project object */;
}
